{
  "name": "acceptance-outdated",
  "version": "1.0.0",
  "lockfileVersion": 3,
  "requires": true,
  "packages": {
    "": {
      "name": "acceptance-outdated",
      "version": "1.0.0",
      "dependencies": {
        "is-obj": "^1.0.0"
      }
    },
    "node_modules/is-obj": {
      "version": "1.0.1",
      "resolved": "https://registry.npmjs.org/is-obj/-/is-obj-1.0.1.tgz",
      "integrity": "sha512-l4RyHgRqGN4Y3+9JHVrNqO+tN0rV5My76uW5/nuO4K1b6vw5G8d/cmFjP9tRfEsdhZNt0IFdZuK/c2Vr4Nb+Qg==",
      "engines": {
        "node": ">=0.10.0"
      }
    }
  }
}
